
Microsoft Visual Studio Solution File, Format Version 12.00
# Visual Studio Version 16
VisualStudioVersion = 16.0.29424.173
MinimumVisualStudioVersion = 10.0.40219.1
Project("{FAE04EC0-301F-11D3-BF4B-00C04F79EFBC}") = "magicNumberDmul4-11", "magicNumberDmul4-11\magicNumberDmul4-11.csproj", "{8D744134-4DA0-4D8D-988A-C52990C505CF}"
EndProject
Global
	GlobalSection(SolutionConfigurationPlatforms) = preSolution
		Debug|Any CPU = Debug|Any CPU
		Release|Any CPU = Release|Any CPU
	EndGlobalSection
	GlobalSection(ProjectConfigurationPlatforms) = postSolution
		{8D744134-4DA0-4D8D-988A-C52990C505CF}.Debug|Any CPU.ActiveCfg = Debug|Any CPU
		{8D744134-4DA0-4D8D-988A-C52990C505CF}.Debug|Any CPU.Build.0 = Debug|Any CPU
		{8D744134-4DA0-4D8D-988A-C52990C505CF}.Release|Any CPU.ActiveCfg = Release|Any CPU
		{8D744134-4DA0-4D8D-988A-C52990C505CF}.Release|Any CPU.Build.0 = Release|Any CPU
	EndGlobalSection
	GlobalSection(SolutionProperties) = preSolution
		HideSolutionNode = FALSE
	EndGlobalSection
	GlobalSection(ExtensibilityGlobals) = postSolution
		SolutionGuid = {FAACA49F-486A-43B8-8BE0-F8E57BE6E324}
	EndGlobalSection
EndGlobal
